
Microsoft Visual Studio Solution File, Format Version 12.00
# Visual Studio 15
VisualStudioVersion = 15.0.28307.136
MinimumVisualStudioVersion = 10.0.40219.1
Project("{FAE04EC0-301F-11D3-BF4B-00C04F79EFBC}") = "Kantsevich_weather.Android", "Kantsevich_weather\Kantsevich_weather.Android\Kantsevich_weather.Android.csproj", "{5EBF6383-C2B7-40CC-A20C-AAC4687789D3}"
EndProject
Project("{FAE04EC0-301F-11D3-BF4B-00C04F79EFBC}") = "Kantsevich_weather.iOS", "Kantsevich_weather\Kantsevich_weather.iOS\Kantsevich_weather.iOS.csproj", "{A3AB29E3-0496-4192-92D6-413D585CDD2D}"
EndProject
Project("{FAE04EC0-301F-11D3-BF4B-00C04F79EFBC}") = "Kantsevich_weather.UWP", "Kantsevich_weather\Kantsevich_weather.UWP\Kantsevich_weather.UWP.csproj", "{A86F9D64-E767-40C8-9653-453207EEEA86}"
EndProject
Project("{FAE04EC0-301F-11D3-BF4B-00C04F79EFBC}") = "Kantsevich_weather", "Kantsevich_weather\Kantsevich_weather\Kantsevich_weather.csproj", "{A2625E39-EE67-4D17-922B-4C698DEFFEA8}"
EndProject
Global
	GlobalSection(SolutionConfigurationPlatforms) = preSolution
		Ad-Hoc|Any CPU = Ad-Hoc|Any CPU
		Ad-Hoc|ARM = Ad-Hoc|ARM
		Ad-Hoc|iPhone = Ad-Hoc|iPhone
		Ad-Hoc|iPhoneSimulator = Ad-Hoc|iPhoneSimulator
		Ad-Hoc|x64 = Ad-Hoc|x64
		Ad-Hoc|x86 = Ad-Hoc|x86
		AppStore|Any CPU = AppStore|Any CPU
		AppStore|ARM = AppStore|ARM
		AppStore|iPhone = AppStore|iPhone
		AppStore|iPhoneSimulator = AppStore|iPhoneSimulator
		AppStore|x64 = AppStore|x64
		AppStore|x86 = AppStore|x86
		Debug|Any CPU = Debug|Any CPU
		Debug|ARM = Debug|ARM
		Debug|iPhone = Debug|iPhone
		Debug|iPhoneSimulator = Debug|iPhoneSimulator
		Debug|x64 = Debug|x64
		Debug|x86 = Debug|x86
		Release|Any CPU = Release|Any CPU
		Release|ARM = Release|ARM
		Release|iPhone = Release|iPhone
		Release|iPhoneSimulator = Release|iPhoneSimulator
		Release|x64 = Release|x64
		Release|x86 = Release|x86
	EndGlobalSection
	GlobalSection(ProjectConfigurationPlatforms) = postSolution
		{5EBF6383-C2B7-40CC-A20C-AAC4687789D3}.Ad-Hoc|Any CPU.ActiveCfg = Release|Any CPU
		{5EBF6383-C2B7-40CC-A20C-AAC4687789D3}.Ad-Hoc|Any CPU.Build.0 = Release|Any CPU
		{5EBF6383-C2B7-40CC-A20C-AAC4687789D3}.Ad-Hoc|Any CPU.Deploy.0 = Release|Any CPU
		{5EBF6383-C2B7-40CC-A20C-AAC4687789D3}.Ad-Hoc|ARM.ActiveCfg = Release|Any CPU
		{5EBF6383-C2B7-40CC-A20C-AAC4687789D3}.Ad-Hoc|ARM.Build.0 = Release|Any CPU
		{5EBF6383-C2B7-40CC-A20C-AAC4687789D3}.Ad-Hoc|ARM.Deploy.0 = Release|Any CPU
		{5EBF6383-C2B7-40CC-A20C-AAC4687789D3}.Ad-Hoc|iPhone.ActiveCfg = Release|Any CPU
		{5EBF6383-C2B7-40CC-A20C-AAC4687789D3}.Ad-Hoc|iPhone.Build.0 = Release|Any CPU
		{5EBF6383-C2B7-40CC-A20C-AAC4687789D3}.Ad-Hoc|iPhone.Deploy.0 = Release|Any CPU
		{5EBF6383-C2B7-40CC-A20C-AAC4687789D3}.Ad-Hoc|iPhoneSimulator.ActiveCfg = Release|Any CPU
		{5EBF6383-C2B7-40CC-A20C-AAC4687789D3}.Ad-Hoc|iPhoneSimulator.Build.0 = Release|Any CPU
		{5EBF6383-C2B7-40CC-A20C-AAC4687789D3}.Ad-Hoc|iPhoneSimulator.Deploy.0 = Release|Any CPU
		{5EBF6383-C2B7-40CC-A20C-AAC4687789D3}.Ad-Hoc|x64.ActiveCfg = Release|Any CPU
		{5EBF6383-C2B7-40CC-A20C-AAC4687789D3}.Ad-Hoc|x64.Build.0 = Release|Any CPU
		{5EBF6383-C2B7-40CC-A20C-AAC4687789D3}.Ad-Hoc|x64.Deploy.0 = Release|Any CPU
		{5EBF6383-C2B7-40CC-A20C-AAC4687789D3}.Ad-Hoc|x86.ActiveCfg = Release|Any CPU
		{5EBF6383-C2B7-40CC-A20C-AAC4687789D3}.Ad-Hoc|x86.Build.0 = Release|Any CPU
		{5EBF6383-C2B7-40CC-A20C-AAC4687789D3}.Ad-Hoc|x86.Deploy.0 = Release|Any CPU
		{5EBF6383-C2B7-40CC-A20C-AAC4687789D3}.AppStore|Any CPU.ActiveCfg = Release|Any CPU
		{5EBF6383-C2B7-40CC-A20C-AAC4687789D3}.AppStore|Any CPU.Build.0 = Release|Any CPU
		{5EBF6383-C2B7-40CC-A20C-AAC4687789D3}.AppStore|Any CPU.Deploy.0 = Release|Any CPU
		{5EBF6383-C2B7-40CC-A20C-AAC4687789D3}.AppStore|ARM.ActiveCfg = Release|Any CPU
		{5EBF6383-C2B7-40CC-A20C-AAC4687789D3}.AppStore|ARM.Build.0 = Release|Any CPU
		{5EBF6383-C2B7-40CC-A20C-AAC4687789D3}.AppStore|ARM.Deploy.0 = Release|Any CPU
		{5EBF6383-C2B7-40CC-A20C-AAC4687789D3}.AppStore|iPhone.ActiveCfg = Release|Any CPU
		{5EBF6383-C2B7-40CC-A20C-AAC4687789D3}.AppStore|iPhone.Build.0 = Release|Any CPU
		{5EBF6383-C2B7-40CC-A20C-AAC4687789D3}.AppStore|iPhone.Deploy.0 = Release|Any CPU
		{5EBF6383-C2B7-40CC-A20C-AAC4687789D3}.AppStore|iPhoneSimulator.ActiveCfg = Release|Any CPU
		{5EBF6383-C2B7-40CC-A20C-AAC4687789D3}.AppStore|iPhoneSimulator.Build.0 = Release|Any CPU
		{5EBF6383-C2B7-40CC-A20C-AAC4687789D3}.AppStore|iPhoneSimulator.Deploy.0 = Release|Any CPU
		{5EBF6383-C2B7-40CC-A20C-AAC4687789D3}.AppStore|x64.ActiveCfg = Release|Any CPU
		{5EBF6383-C2B7-40CC-A20C-AAC4687789D3}.AppStore|x64.Build.0 = Release|Any CPU
		{5EBF6383-C2B7-40CC-A20C-AAC4687789D3}.AppStore|x64.Deploy.0 = Release|Any CPU
		{5EBF6383-C2B7-40CC-A20C-AAC4687789D3}.AppStore|x86.ActiveCfg = Release|Any CPU
		{5EBF6383-C2B7-40CC-A20C-AAC4687789D3}.AppStore|x86.Build.0 = Release|Any CPU
		{5EBF6383-C2B7-40CC-A20C-AAC4687789D3}.AppStore|x86.Deploy.0 = Release|Any CPU
		{5EBF6383-C2B7-40CC-A20C-AAC4687789D3}.Debug|Any CPU.ActiveCfg = Debug|Any CPU
		{5EBF6383-C2B7-40CC-A20C-AAC4687789D3}.Debug|Any CPU.Build.0 = Debug|Any CPU
		{5EBF6383-C2B7-40CC-A20C-AAC4687789D3}.Debug|Any CPU.Deploy.0 = Debug|Any CPU
		{5EBF6383-C2B7-40CC-A20C-AAC4687789D3}.Debug|ARM.ActiveCfg = Debug|Any CPU
		{5EBF6383-C2B7-40CC-A20C-AAC4687789D3}.Debug|ARM.Build.0 = Debug|Any CPU
		{5EBF6383-C2B7-40CC-A20C-AAC4687789D3}.Debug|ARM.Deploy.0 = Debug|Any CPU
		{5EBF6383-C2B7-40CC-A20C-AAC4687789D3}.Debug|iPhone.ActiveCfg = Debug|Any CPU
		{5EBF6383-C2B7-40CC-A20C-AAC4687789D3}.Debug|iPhone.Build.0 = Debug|Any CPU
		{5EBF6383-C2B7-40CC-A20C-AAC4687789D3}.Debug|iPhone.Deploy.0 = Debug|Any CPU
		{5EBF6383-C2B7-40CC-A20C-AAC4687789D3}.Debug|iPhoneSimulator.ActiveCfg = Debug|Any CPU
		{5EBF6383-C2B7-40CC-A20C-AAC4687789D3}.Debug|iPhoneSimulator.Build.0 = Debug|Any CPU
		{5EBF6383-C2B7-40CC-A20C-AAC4687789D3}.Debug|iPhoneSimulator.Deploy.0 = Debug|Any CPU
		{5EBF6383-C2B7-40CC-A20C-AAC4687789D3}.Debug|x64.ActiveCfg = Debug|Any CPU
		{5EBF6383-C2B7-40CC-A20C-AAC4687789D3}.Debug|x64.Build.0 = Debug|Any CPU
		{5EBF6383-C2B7-40CC-A20C-AAC4687789D3}.Debug|x64.Deploy.0 = Debug|Any CPU
		{5EBF6383-C2B7-40CC-A20C-AAC4687789D3}.Debug|x86.ActiveCfg = Debug|Any CPU
		{5EBF6383-C2B7-40CC-A20C-AAC4687789D3}.Debug|x86.Build.0 = Debug|Any CPU
		{5EBF6383-C2B7-40CC-A20C-AAC4687789D3}.Debug|x86.Deploy.0 = Debug|Any CPU
		{5EBF6383-C2B7-40CC-A20C-AAC4687789D3}.Release|Any CPU.ActiveCfg = Release|Any CPU
		{5EBF6383-C2B7-40CC-A20C-AAC4687789D3}.Release|Any CPU.Build.0 = Release|Any CPU
		{5EBF6383-C2B7-40CC-A20C-AAC4687789D3}.Release|Any CPU.Deploy.0 = Release|Any CPU
		{5EBF6383-C2B7-40CC-A20C-AAC4687789D3}.Release|ARM.ActiveCfg = Release|Any CPU
		{5EBF6383-C2B7-40CC-A20C-AAC4687789D3}.Release|ARM.Build.0 = Release|Any CPU
		{5EBF6383-C2B7-40CC-A20C-AAC4687789D3}.Release|ARM.Deploy.0 = Release|Any CPU
		{5EBF6383-C2B7-40CC-A20C-AAC4687789D3}.Release|iPhone.ActiveCfg = Release|Any CPU
		{5EBF6383-C2B7-40CC-A20C-AAC4687789D3}.Release|iPhone.Build.0 = Release|Any CPU
		{5EBF6383-C2B7-40CC-A20C-AAC4687789D3}.Release|iPhone.Deploy.0 = Release|Any CPU
		{5EBF6383-C2B7-40CC-A20C-AAC4687789D3}.Release|iPhoneSimulator.ActiveCfg = Release|Any CPU
		{5EBF6383-C2B7-40CC-A20C-AAC4687789D3}.Release|iPhoneSimulator.Build.0 = Release|Any CPU
		{5EBF6383-C2B7-40CC-A20C-AAC4687789D3}.Release|iPhoneSimulator.Deploy.0 = Release|Any CPU
		{5EBF6383-C2B7-40CC-A20C-AAC4687789D3}.Release|x64.ActiveCfg = Release|Any CPU
		{5EBF6383-C2B7-40CC-A20C-AAC4687789D3}.Release|x64.Build.0 = Release|Any CPU
		{5EBF6383-C2B7-40CC-A20C-AAC4687789D3}.Release|x64.Deploy.0 = Release|Any CPU
		{5EBF6383-C2B7-40CC-A20C-AAC4687789D3}.Release|x86.ActiveCfg = Release|Any CPU
		{5EBF6383-C2B7-40CC-A20C-AAC4687789D3}.Release|x86.Build.0 = Release|Any CPU
		{5EBF6383-C2B7-40CC-A20C-AAC4687789D3}.Release|x86.Deploy.0 = Release|Any CPU
		{A3AB29E3-0496-4192-92D6-413D585CDD2D}.Ad-Hoc|Any CPU.ActiveCfg = Ad-Hoc|iPhone
		{A3AB29E3-0496-4192-92D6-413D585CDD2D}.Ad-Hoc|Any CPU.Build.0 = Ad-Hoc|iPhone
		{A3AB29E3-0496-4192-92D6-413D585CDD2D}.Ad-Hoc|Any CPU.Deploy.0 = Ad-Hoc|iPhone
		{A3AB29E3-0496-4192-92D6-413D585CDD2D}.Ad-Hoc|ARM.ActiveCfg = Ad-Hoc|iPhone
		{A3AB29E3-0496-4192-92D6-413D585CDD2D}.Ad-Hoc|ARM.Build.0 = Ad-Hoc|iPhone
		{A3AB29E3-0496-4192-92D6-413D585CDD2D}.Ad-Hoc|ARM.Deploy.0 = Ad-Hoc|iPhone
		{A3AB29E3-0496-4192-92D6-413D585CDD2D}.Ad-Hoc|iPhone.ActiveCfg = Ad-Hoc|iPhone
		{A3AB29E3-0496-4192-92D6-413D585CDD2D}.Ad-Hoc|iPhone.Build.0 = Ad-Hoc|iPhone
		{A3AB29E3-0496-4192-92D6-413D585CDD2D}.Ad-Hoc|iPhone.Deploy.0 = Ad-Hoc|iPhone
		{A3AB29E3-0496-4192-92D6-413D585CDD2D}.Ad-Hoc|iPhoneSimulator.ActiveCfg = Ad-Hoc|iPhoneSimulator
		{A3AB29E3-0496-4192-92D6-413D585CDD2D}.Ad-Hoc|iPhoneSimulator.Build.0 = Ad-Hoc|iPhoneSimulator
		{A3AB29E3-0496-4192-92D6-413D585CDD2D}.Ad-Hoc|iPhoneSimulator.Deploy.0 = Ad-Hoc|iPhoneSimulator
		{A3AB29E3-0496-4192-92D6-413D585CDD2D}.Ad-Hoc|x64.ActiveCfg = Ad-Hoc|iPhone
		{A3AB29E3-0496-4192-92D6-413D585CDD2D}.Ad-Hoc|x64.Build.0 = Ad-Hoc|iPhone
		{A3AB29E3-0496-4192-92D6-413D585CDD2D}.Ad-Hoc|x64.Deploy.0 = Ad-Hoc|iPhone
		{A3AB29E3-0496-4192-92D6-413D585CDD2D}.Ad-Hoc|x86.ActiveCfg = Ad-Hoc|iPhone
		{A3AB29E3-0496-4192-92D6-413D585CDD2D}.Ad-Hoc|x86.Build.0 = Ad-Hoc|iPhone
		{A3AB29E3-0496-4192-92D6-413D585CDD2D}.Ad-Hoc|x86.Deploy.0 = Ad-Hoc|iPhone
		{A3AB29E3-0496-4192-92D6-413D585CDD2D}.AppStore|Any CPU.ActiveCfg = AppStore|iPhone
		{A3AB29E3-0496-4192-92D6-413D585CDD2D}.AppStore|Any CPU.Build.0 = AppStore|iPhone
		{A3AB29E3-0496-4192-92D6-413D585CDD2D}.AppStore|Any CPU.Deploy.0 = AppStore|iPhone
		{A3AB29E3-0496-4192-92D6-413D585CDD2D}.AppStore|ARM.ActiveCfg = AppStore|iPhone
		{A3AB29E3-0496-4192-92D6-413D585CDD2D}.AppStore|ARM.Build.0 = AppStore|iPhone
		{A3AB29E3-0496-4192-92D6-413D585CDD2D}.AppStore|ARM.Deploy.0 = AppStore|iPhone
		{A3AB29E3-0496-4192-92D6-413D585CDD2D}.AppStore|iPhone.ActiveCfg = AppStore|iPhone
		{A3AB29E3-0496-4192-92D6-413D585CDD2D}.AppStore|iPhone.Build.0 = AppStore|iPhone
		{A3AB29E3-0496-4192-92D6-413D585CDD2D}.AppStore|iPhone.Deploy.0 = AppStore|iPhone
		{A3AB29E3-0496-4192-92D6-413D585CDD2D}.AppStore|iPhoneSimulator.ActiveCfg = AppStore|iPhoneSimulator
		{A3AB29E3-0496-4192-92D6-413D585CDD2D}.AppStore|iPhoneSimulator.Build.0 = AppStore|iPhoneSimulator
		{A3AB29E3-0496-4192-92D6-413D585CDD2D}.AppStore|iPhoneSimulator.Deploy.0 = AppStore|iPhoneSimulator
		{A3AB29E3-0496-4192-92D6-413D585CDD2D}.AppStore|x64.ActiveCfg = AppStore|iPhone
		{A3AB29E3-0496-4192-92D6-413D585CDD2D}.AppStore|x64.Build.0 = AppStore|iPhone
		{A3AB29E3-0496-4192-92D6-413D585CDD2D}.AppStore|x64.Deploy.0 = AppStore|iPhone
		{A3AB29E3-0496-4192-92D6-413D585CDD2D}.AppStore|x86.ActiveCfg = AppStore|iPhone
		{A3AB29E3-0496-4192-92D6-413D585CDD2D}.AppStore|x86.Build.0 = AppStore|iPhone
		{A3AB29E3-0496-4192-92D6-413D585CDD2D}.AppStore|x86.Deploy.0 = AppStore|iPhone
		{A3AB29E3-0496-4192-92D6-413D585CDD2D}.Debug|Any CPU.ActiveCfg = Debug|iPhoneSimulator
		{A3AB29E3-0496-4192-92D6-413D585CDD2D}.Debug|Any CPU.Build.0 = Debug|iPhoneSimulator
		{A3AB29E3-0496-4192-92D6-413D585CDD2D}.Debug|Any CPU.Deploy.0 = Debug|iPhoneSimulator
		{A3AB29E3-0496-4192-92D6-413D585CDD2D}.Debug|ARM.ActiveCfg = Debug|iPhone
		{A3AB29E3-0496-4192-92D6-413D585CDD2D}.Debug|ARM.Build.0 = Debug|iPhone
		{A3AB29E3-0496-4192-92D6-413D585CDD2D}.Debug|ARM.Deploy.0 = Debug|iPhone
		{A3AB29E3-0496-4192-92D6-413D585CDD2D}.Debug|iPhone.ActiveCfg = Debug|iPhone
		{A3AB29E3-0496-4192-92D6-413D585CDD2D}.Debug|iPhone.Build.0 = Debug|iPhone
		{A3AB29E3-0496-4192-92D6-413D585CDD2D}.Debug|iPhone.Deploy.0 = Debug|iPhone
		{A3AB29E3-0496-4192-92D6-413D585CDD2D}.Debug|iPhoneSimulator.ActiveCfg = Debug|iPhoneSimulator
		{A3AB29E3-0496-4192-92D6-413D585CDD2D}.Debug|iPhoneSimulator.Build.0 = Debug|iPhoneSimulator
		{A3AB29E3-0496-4192-92D6-413D585CDD2D}.Debug|iPhoneSimulator.Deploy.0 = Debug|iPhoneSimulator
		{A3AB29E3-0496-4192-92D6-413D585CDD2D}.Debug|x64.ActiveCfg = Debug|iPhone
		{A3AB29E3-0496-4192-92D6-413D585CDD2D}.Debug|x64.Build.0 = Debug|iPhone
		{A3AB29E3-0496-4192-92D6-413D585CDD2D}.Debug|x64.Deploy.0 = Debug|iPhone
		{A3AB29E3-0496-4192-92D6-413D585CDD2D}.Debug|x86.ActiveCfg = Debug|iPhone
		{A3AB29E3-0496-4192-92D6-413D585CDD2D}.Debug|x86.Build.0 = Debug|iPhone
		{A3AB29E3-0496-4192-92D6-413D585CDD2D}.Debug|x86.Deploy.0 = Debug|iPhone
		{A3AB29E3-0496-4192-92D6-413D585CDD2D}.Release|Any CPU.ActiveCfg = Release|iPhone
		{A3AB29E3-0496-4192-92D6-413D585CDD2D}.Release|Any CPU.Build.0 = Release|iPhone
		{A3AB29E3-0496-4192-92D6-413D585CDD2D}.Release|Any CPU.Deploy.0 = Release|iPhone
		{A3AB29E3-0496-4192-92D6-413D585CDD2D}.Release|ARM.ActiveCfg = Release|iPhone
		{A3AB29E3-0496-4192-92D6-413D585CDD2D}.Release|ARM.Build.0 = Release|iPhone
		{A3AB29E3-0496-4192-92D6-413D585CDD2D}.Release|ARM.Deploy.0 = Release|iPhone
		{A3AB29E3-0496-4192-92D6-413D585CDD2D}.Release|iPhone.ActiveCfg = Release|iPhone
		{A3AB29E3-0496-4192-92D6-413D585CDD2D}.Release|iPhone.Build.0 = Release|iPhone
		{A3AB29E3-0496-4192-92D6-413D585CDD2D}.Release|iPhone.Deploy.0 = Release|iPhone
		{A3AB29E3-0496-4192-92D6-413D585CDD2D}.Release|iPhoneSimulator.ActiveCfg = Release|iPhoneSimulator
		{A3AB29E3-0496-4192-92D6-413D585CDD2D}.Release|iPhoneSimulator.Build.0 = Release|iPhoneSimulator
		{A3AB29E3-0496-4192-92D6-413D585CDD2D}.Release|iPhoneSimulator.Deploy.0 = Release|iPhoneSimulator
		{A3AB29E3-0496-4192-92D6-413D585CDD2D}.Release|x64.ActiveCfg = Release|iPhone
		{A3AB29E3-0496-4192-92D6-413D585CDD2D}.Release|x64.Build.0 = Release|iPhone
		{A3AB29E3-0496-4192-92D6-413D585CDD2D}.Release|x64.Deploy.0 = Release|iPhone
		{A3AB29E3-0496-4192-92D6-413D585CDD2D}.Release|x86.ActiveCfg = Release|iPhone
		{A3AB29E3-0496-4192-92D6-413D585CDD2D}.Release|x86.Build.0 = Release|iPhone
		{A3AB29E3-0496-4192-92D6-413D585CDD2D}.Release|x86.Deploy.0 = Release|iPhone
		{A86F9D64-E767-40C8-9653-453207EEEA86}.Ad-Hoc|Any CPU.ActiveCfg = Release|x86
		{A86F9D64-E767-40C8-9653-453207EEEA86}.Ad-Hoc|Any CPU.Build.0 = Release|x86
		{A86F9D64-E767-40C8-9653-453207EEEA86}.Ad-Hoc|Any CPU.Deploy.0 = Release|x86
		{A86F9D64-E767-40C8-9653-453207EEEA86}.Ad-Hoc|ARM.ActiveCfg = Release|ARM
		{A86F9D64-E767-40C8-9653-453207EEEA86}.Ad-Hoc|ARM.Build.0 = Release|ARM
		{A86F9D64-E767-40C8-9653-453207EEEA86}.Ad-Hoc|ARM.Deploy.0 = Release|ARM
		{A86F9D64-E767-40C8-9653-453207EEEA86}.Ad-Hoc|iPhone.ActiveCfg = Release|x86
		{A86F9D64-E767-40C8-9653-453207EEEA86}.Ad-Hoc|iPhone.Build.0 = Release|x86
		{A86F9D64-E767-40C8-9653-453207EEEA86}.Ad-Hoc|iPhone.Deploy.0 = Release|x86
		{A86F9D64-E767-40C8-9653-453207EEEA86}.Ad-Hoc|iPhoneSimulator.ActiveCfg = Release|x86
		{A86F9D64-E767-40C8-9653-453207EEEA86}.Ad-Hoc|iPhoneSimulator.Build.0 = Release|x86
		{A86F9D64-E767-40C8-9653-453207EEEA86}.Ad-Hoc|iPhoneSimulator.Deploy.0 = Release|x86
		{A86F9D64-E767-40C8-9653-453207EEEA86}.Ad-Hoc|x64.ActiveCfg = Release|x64
		{A86F9D64-E767-40C8-9653-453207EEEA86}.Ad-Hoc|x64.Build.0 = Release|x64
		{A86F9D64-E767-40C8-9653-453207EEEA86}.Ad-Hoc|x64.Deploy.0 = Release|x64
		{A86F9D64-E767-40C8-9653-453207EEEA86}.Ad-Hoc|x86.ActiveCfg = Release|x86
		{A86F9D64-E767-40C8-9653-453207EEEA86}.Ad-Hoc|x86.Build.0 = Release|x86
		{A86F9D64-E767-40C8-9653-453207EEEA86}.Ad-Hoc|x86.Deploy.0 = Release|x86
		{A86F9D64-E767-40C8-9653-453207EEEA86}.AppStore|Any CPU.ActiveCfg = Release|x86
		{A86F9D64-E767-40C8-9653-453207EEEA86}.AppStore|Any CPU.Build.0 = Release|x86
		{A86F9D64-E767-40C8-9653-453207EEEA86}.AppStore|Any CPU.Deploy.0 = Release|x86
		{A86F9D64-E767-40C8-9653-453207EEEA86}.AppStore|ARM.ActiveCfg = Release|ARM
		{A86F9D64-E767-40C8-9653-453207EEEA86}.AppStore|ARM.Build.0 = Release|ARM
		{A86F9D64-E767-40C8-9653-453207EEEA86}.AppStore|ARM.Deploy.0 = Release|ARM
		{A86F9D64-E767-40C8-9653-453207EEEA86}.AppStore|iPhone.ActiveCfg = Release|x86
		{A86F9D64-E767-40C8-9653-453207EEEA86}.AppStore|iPhone.Build.0 = Release|x86
		{A86F9D64-E767-40C8-9653-453207EEEA86}.AppStore|iPhone.Deploy.0 = Release|x86
		{A86F9D64-E767-40C8-9653-453207EEEA86}.AppStore|iPhoneSimulator.ActiveCfg = Release|x86
		{A86F9D64-E767-40C8-9653-453207EEEA86}.AppStore|iPhoneSimulator.Build.0 = Release|x86
		{A86F9D64-E767-40C8-9653-453207EEEA86}.AppStore|iPhoneSimulator.Deploy.0 = Release|x86
		{A86F9D64-E767-40C8-9653-453207EEEA86}.AppStore|x64.ActiveCfg = Release|x64
		{A86F9D64-E767-40C8-9653-453207EEEA86}.AppStore|x64.Build.0 = Release|x64
		{A86F9D64-E767-40C8-9653-453207EEEA86}.AppStore|x64.Deploy.0 = Release|x64
		{A86F9D64-E767-40C8-9653-453207EEEA86}.AppStore|x86.ActiveCfg = Release|x86
		{A86F9D64-E767-40C8-9653-453207EEEA86}.AppStore|x86.Build.0 = Release|x86
		{A86F9D64-E767-40C8-9653-453207EEEA86}.AppStore|x86.Deploy.0 = Release|x86
		{A86F9D64-E767-40C8-9653-453207EEEA86}.Debug|Any CPU.ActiveCfg = Debug|x86
		{A86F9D64-E767-40C8-9653-453207EEEA86}.Debug|Any CPU.Build.0 = Debug|x86
		{A86F9D64-E767-40C8-9653-453207EEEA86}.Debug|Any CPU.Deploy.0 = Debug|x86
		{A86F9D64-E767-40C8-9653-453207EEEA86}.Debug|ARM.ActiveCfg = Debug|ARM
		{A86F9D64-E767-40C8-9653-453207EEEA86}.Debug|ARM.Build.0 = Debug|ARM
		{A86F9D64-E767-40C8-9653-453207EEEA86}.Debug|ARM.Deploy.0 = Debug|ARM
		{A86F9D64-E767-40C8-9653-453207EEEA86}.Debug|iPhone.ActiveCfg = Debug|x86
		{A86F9D64-E767-40C8-9653-453207EEEA86}.Debug|iPhone.Build.0 = Debug|x86
		{A86F9D64-E767-40C8-9653-453207EEEA86}.Debug|iPhone.Deploy.0 = Debug|x86
		{A86F9D64-E767-40C8-9653-453207EEEA86}.Debug|iPhoneSimulator.ActiveCfg = Debug|x86
		{A86F9D64-E767-40C8-9653-453207EEEA86}.Debug|iPhoneSimulator.Build.0 = Debug|x86
		{A86F9D64-E767-40C8-9653-453207EEEA86}.Debug|iPhoneSimulator.Deploy.0 = Debug|x86
		{A86F9D64-E767-40C8-9653-453207EEEA86}.Debug|x64.ActiveCfg = Debug|x64
		{A86F9D64-E767-40C8-9653-453207EEEA86}.Debug|x64.Build.0 = Debug|x64
		{A86F9D64-E767-40C8-9653-453207EEEA86}.Debug|x64.Deploy.0 = Debug|x64
		{A86F9D64-E767-40C8-9653-453207EEEA86}.Debug|x86.ActiveCfg = Debug|x86
		{A86F9D64-E767-40C8-9653-453207EEEA86}.Debug|x86.Build.0 = Debug|x86
		{A86F9D64-E767-40C8-9653-453207EEEA86}.Debug|x86.Deploy.0 = Debug|x86
		{A86F9D64-E767-40C8-9653-453207EEEA86}.Release|Any CPU.ActiveCfg = Release|x86
		{A86F9D64-E767-40C8-9653-453207EEEA86}.Release|Any CPU.Build.0 = Release|x86
		{A86F9D64-E767-40C8-9653-453207EEEA86}.Release|Any CPU.Deploy.0 = Release|x86
		{A86F9D64-E767-40C8-9653-453207EEEA86}.Release|ARM.ActiveCfg = Release|ARM
		{A86F9D64-E767-40C8-9653-453207EEEA86}.Release|ARM.Build.0 = Release|ARM
		{A86F9D64-E767-40C8-9653-453207EEEA86}.Release|ARM.Deploy.0 = Release|ARM
		{A86F9D64-E767-40C8-9653-453207EEEA86}.Release|iPhone.ActiveCfg = Release|x86
		{A86F9D64-E767-40C8-9653-453207EEEA86}.Release|iPhone.Build.0 = Release|x86
		{A86F9D64-E767-40C8-9653-453207EEEA86}.Release|iPhone.Deploy.0 = Release|x86
		{A86F9D64-E767-40C8-9653-453207EEEA86}.Release|iPhoneSimulator.ActiveCfg = Release|x86
		{A86F9D64-E767-40C8-9653-453207EEEA86}.Release|iPhoneSimulator.Build.0 = Release|x86
		{A86F9D64-E767-40C8-9653-453207EEEA86}.Release|iPhoneSimulator.Deploy.0 = Release|x86
		{A86F9D64-E767-40C8-9653-453207EEEA86}.Release|x64.ActiveCfg = Release|x64
		{A86F9D64-E767-40C8-9653-453207EEEA86}.Release|x64.Build.0 = Release|x64
		{A86F9D64-E767-40C8-9653-453207EEEA86}.Release|x64.Deploy.0 = Release|x64
		{A86F9D64-E767-40C8-9653-453207EEEA86}.Release|x86.ActiveCfg = Release|x86
		{A86F9D64-E767-40C8-9653-453207EEEA86}.Release|x86.Build.0 = Release|x86
		{A86F9D64-E767-40C8-9653-453207EEEA86}.Release|x86.Deploy.0 = Release|x86
		{A2625E39-EE67-4D17-922B-4C698DEFFEA8}.Ad-Hoc|Any CPU.ActiveCfg = Debug|Any CPU
		{A2625E39-EE67-4D17-922B-4C698DEFFEA8}.Ad-Hoc|Any CPU.Build.0 = Debug|Any CPU
		{A2625E39-EE67-4D17-922B-4C698DEFFEA8}.Ad-Hoc|Any CPU.Deploy.0 = Debug|Any CPU
		{A2625E39-EE67-4D17-922B-4C698DEFFEA8}.Ad-Hoc|ARM.ActiveCfg = Debug|Any CPU
		{A2625E39-EE67-4D17-922B-4C698DEFFEA8}.Ad-Hoc|ARM.Build.0 = Debug|Any CPU
		{A2625E39-EE67-4D17-922B-4C698DEFFEA8}.Ad-Hoc|ARM.Deploy.0 = Debug|Any CPU
		{A2625E39-EE67-4D17-922B-4C698DEFFEA8}.Ad-Hoc|iPhone.ActiveCfg = Debug|Any CPU
		{A2625E39-EE67-4D17-922B-4C698DEFFEA8}.Ad-Hoc|iPhone.Build.0 = Debug|Any CPU
		{A2625E39-EE67-4D17-922B-4C698DEFFEA8}.Ad-Hoc|iPhone.Deploy.0 = Debug|Any CPU
		{A2625E39-EE67-4D17-922B-4C698DEFFEA8}.Ad-Hoc|iPhoneSimulator.ActiveCfg = Debug|Any CPU
		{A2625E39-EE67-4D17-922B-4C698DEFFEA8}.Ad-Hoc|iPhoneSimulator.Build.0 = Debug|Any CPU
		{A2625E39-EE67-4D17-922B-4C698DEFFEA8}.Ad-Hoc|iPhoneSimulator.Deploy.0 = Debug|Any CPU
		{A2625E39-EE67-4D17-922B-4C698DEFFEA8}.Ad-Hoc|x64.ActiveCfg = Debug|Any CPU
		{A2625E39-EE67-4D17-922B-4C698DEFFEA8}.Ad-Hoc|x64.Build.0 = Debug|Any CPU
		{A2625E39-EE67-4D17-922B-4C698DEFFEA8}.Ad-Hoc|x64.Deploy.0 = Debug|Any CPU
		{A2625E39-EE67-4D17-922B-4C698DEFFEA8}.Ad-Hoc|x86.ActiveCfg = Debug|Any CPU
		{A2625E39-EE67-4D17-922B-4C698DEFFEA8}.Ad-Hoc|x86.Build.0 = Debug|Any CPU
		{A2625E39-EE67-4D17-922B-4C698DEFFEA8}.Ad-Hoc|x86.Deploy.0 = Debug|Any CPU
		{A2625E39-EE67-4D17-922B-4C698DEFFEA8}.AppStore|Any CPU.ActiveCfg = Debug|Any CPU
		{A2625E39-EE67-4D17-922B-4C698DEFFEA8}.AppStore|Any CPU.Build.0 = Debug|Any CPU
		{A2625E39-EE67-4D17-922B-4C698DEFFEA8}.AppStore|Any CPU.Deploy.0 = Debug|Any CPU
		{A2625E39-EE67-4D17-922B-4C698DEFFEA8}.AppStore|ARM.ActiveCfg = Debug|Any CPU
		{A2625E39-EE67-4D17-922B-4C698DEFFEA8}.AppStore|ARM.Build.0 = Debug|Any CPU
		{A2625E39-EE67-4D17-922B-4C698DEFFEA8}.AppStore|ARM.Deploy.0 = Debug|Any CPU
		{A2625E39-EE67-4D17-922B-4C698DEFFEA8}.AppStore|iPhone.ActiveCfg = Debug|Any CPU
		{A2625E39-EE67-4D17-922B-4C698DEFFEA8}.AppStore|iPhone.Build.0 = Debug|Any CPU
		{A2625E39-EE67-4D17-922B-4C698DEFFEA8}.AppStore|iPhone.Deploy.0 = Debug|Any CPU
		{A2625E39-EE67-4D17-922B-4C698DEFFEA8}.AppStore|iPhoneSimulator.ActiveCfg = Debug|Any CPU
		{A2625E39-EE67-4D17-922B-4C698DEFFEA8}.AppStore|iPhoneSimulator.Build.0 = Debug|Any CPU
		{A2625E39-EE67-4D17-922B-4C698DEFFEA8}.AppStore|iPhoneSimulator.Deploy.0 = Debug|Any CPU
		{A2625E39-EE67-4D17-922B-4C698DEFFEA8}.AppStore|x64.ActiveCfg = Debug|Any CPU
		{A2625E39-EE67-4D17-922B-4C698DEFFEA8}.AppStore|x64.Build.0 = Debug|Any CPU
		{A2625E39-EE67-4D17-922B-4C698DEFFEA8}.AppStore|x64.Deploy.0 = Debug|Any CPU
		{A2625E39-EE67-4D17-922B-4C698DEFFEA8}.AppStore|x86.ActiveCfg = Debug|Any CPU
		{A2625E39-EE67-4D17-922B-4C698DEFFEA8}.AppStore|x86.Build.0 = Debug|Any CPU
		{A2625E39-EE67-4D17-922B-4C698DEFFEA8}.AppStore|x86.Deploy.0 = Debug|Any CPU
		{A2625E39-EE67-4D17-922B-4C698DEFFEA8}.Debug|Any CPU.ActiveCfg = Debug|Any CPU
		{A2625E39-EE67-4D17-922B-4C698DEFFEA8}.Debug|Any CPU.Build.0 = Debug|Any CPU
		{A2625E39-EE67-4D17-922B-4C698DEFFEA8}.Debug|Any CPU.Deploy.0 = Debug|Any CPU
		{A2625E39-EE67-4D17-922B-4C698DEFFEA8}.Debug|ARM.ActiveCfg = Debug|Any CPU
		{A2625E39-EE67-4D17-922B-4C698DEFFEA8}.Debug|ARM.Build.0 = Debug|Any CPU
		{A2625E39-EE67-4D17-922B-4C698DEFFEA8}.Debug|ARM.Deploy.0 = Debug|Any CPU
		{A2625E39-EE67-4D17-922B-4C698DEFFEA8}.Debug|iPhone.ActiveCfg = Debug|Any CPU
		{A2625E39-EE67-4D17-922B-4C698DEFFEA8}.Debug|iPhone.Build.0 = Debug|Any CPU
		{A2625E39-EE67-4D17-922B-4C698DEFFEA8}.Debug|iPhone.Deploy.0 = Debug|Any CPU
		{A2625E39-EE67-4D17-922B-4C698DEFFEA8}.Debug|iPhoneSimulator.ActiveCfg = Debug|Any CPU
		{A2625E39-EE67-4D17-922B-4C698DEFFEA8}.Debug|iPhoneSimulator.Build.0 = Debug|Any CPU
		{A2625E39-EE67-4D17-922B-4C698DEFFEA8}.Debug|iPhoneSimulator.Deploy.0 = Debug|Any CPU
		{A2625E39-EE67-4D17-922B-4C698DEFFEA8}.Debug|x64.ActiveCfg = Debug|Any CPU
		{A2625E39-EE67-4D17-922B-4C698DEFFEA8}.Debug|x64.Build.0 = Debug|Any CPU
		{A2625E39-EE67-4D17-922B-4C698DEFFEA8}.Debug|x64.Deploy.0 = Debug|Any CPU
		{A2625E39-EE67-4D17-922B-4C698DEFFEA8}.Debug|x86.ActiveCfg = Debug|Any CPU
		{A2625E39-EE67-4D17-922B-4C698DEFFEA8}.Debug|x86.Build.0 = Debug|Any CPU
		{A2625E39-EE67-4D17-922B-4C698DEFFEA8}.Debug|x86.Deploy.0 = Debug|Any CPU
		{A2625E39-EE67-4D17-922B-4C698DEFFEA8}.Release|Any CPU.ActiveCfg = Release|Any CPU
		{A2625E39-EE67-4D17-922B-4C698DEFFEA8}.Release|Any CPU.Build.0 = Release|Any CPU
		{A2625E39-EE67-4D17-922B-4C698DEFFEA8}.Release|Any CPU.Deploy.0 = Release|Any CPU
		{A2625E39-EE67-4D17-922B-4C698DEFFEA8}.Release|ARM.ActiveCfg = Release|Any CPU
		{A2625E39-EE67-4D17-922B-4C698DEFFEA8}.Release|ARM.Build.0 = Release|Any CPU
		{A2625E39-EE67-4D17-922B-4C698DEFFEA8}.Release|ARM.Deploy.0 = Release|Any CPU
		{A2625E39-EE67-4D17-922B-4C698DEFFEA8}.Release|iPhone.ActiveCfg = Release|Any CPU
		{A2625E39-EE67-4D17-922B-4C698DEFFEA8}.Release|iPhone.Build.0 = Release|Any CPU
		{A2625E39-EE67-4D17-922B-4C698DEFFEA8}.Release|iPhone.Deploy.0 = Release|Any CPU
		{A2625E39-EE67-4D17-922B-4C698DEFFEA8}.Release|iPhoneSimulator.ActiveCfg = Release|Any CPU
		{A2625E39-EE67-4D17-922B-4C698DEFFEA8}.Release|iPhoneSimulator.Build.0 = Release|Any CPU
		{A2625E39-EE67-4D17-922B-4C698DEFFEA8}.Release|iPhoneSimulator.Deploy.0 = Release|Any CPU
		{A2625E39-EE67-4D17-922B-4C698DEFFEA8}.Release|x64.ActiveCfg = Release|Any CPU
		{A2625E39-EE67-4D17-922B-4C698DEFFEA8}.Release|x64.Build.0 = Release|Any CPU
		{A2625E39-EE67-4D17-922B-4C698DEFFEA8}.Release|x64.Deploy.0 = Release|Any CPU
		{A2625E39-EE67-4D17-922B-4C698DEFFEA8}.Release|x86.ActiveCfg = Release|Any CPU
		{A2625E39-EE67-4D17-922B-4C698DEFFEA8}.Release|x86.Build.0 = Release|Any CPU
		{A2625E39-EE67-4D17-922B-4C698DEFFEA8}.Release|x86.Deploy.0 = Release|Any CPU
	EndGlobalSection
	GlobalSection(SolutionProperties) = preSolution
		HideSolutionNode = FALSE
	EndGlobalSection
	GlobalSection(ExtensibilityGlobals) = postSolution
		SolutionGuid = {1F2D9ED1-CCE5-4FBB-A753-58C1C360297C}
	EndGlobalSection
EndGlobal
